
Microsoft Visual Studio Solution File, Format Version 11.00
# Visual Studio 2010
Project("{FAE04EC0-301F-11D3-BF4B-00C04F79EFBC}") = "Assembly-CSharp", "Assembly-CSharp.csproj", "{acba924f-7c5f-c6f1-1f1a-04476981e17a}"
EndProject
Global
	GlobalSection(SolutionConfigurationPlatforms) = preSolution
		Debug|Any CPU = Debug|Any CPU
		Release|Any CPU = Release|Any CPU
	EndGlobalSection
	GlobalSection(ProjectConfigurationPlatforms) = postSolution
		{acba924f-7c5f-c6f1-1f1a-04476981e17a}.Debug|Any CPU.ActiveCfg = Debug|Any CPU
		{acba924f-7c5f-c6f1-1f1a-04476981e17a}.Debug|Any CPU.Build.0 = Debug|Any CPU
		{acba924f-7c5f-c6f1-1f1a-04476981e17a}.Release|Any CPU.ActiveCfg = Release|Any CPU
		{acba924f-7c5f-c6f1-1f1a-04476981e17a}.Release|Any CPU.Build.0 = Release|Any CPU
	EndGlobalSection
	GlobalSection(SolutionProperties) = preSolution
		HideSolutionNode = FALSE
	EndGlobalSection
EndGlobal
